
Microsoft Visual Studio Solution File, Format Version 11.00
# Visual Studio 2010
Project("{FAE04EC0-301F-11D3-BF4B-00C04F79EFBC}") = "Assembly-CSharp", "Assembly-CSharp.csproj", "{1a3d2235-ba0a-003e-d682-2f913f0eb5dc}"
EndProject
Project("{FAE04EC0-301F-11D3-BF4B-00C04F79EFBC}") = "UnityEngine.UI", "UnityEngine.UI.csproj", "{bb716ccd-b47b-893d-5213-d986fbbcd024}"
EndProject
Project("{FAE04EC0-301F-11D3-BF4B-00C04F79EFBC}") = "UnityEditor.UI", "UnityEditor.UI.csproj", "{cf5e4269-fa23-a698-1701-0b6505d795d0}"
EndProject
Project("{FAE04EC0-301F-11D3-BF4B-00C04F79EFBC}") = "Unity.2D.Sprite.Editor", "Unity.2D.Sprite.Editor.csproj", "{b3e87b60-5fd5-5312-cc78-778e07402cc8}"
EndProject
Project("{FAE04EC0-301F-11D3-BF4B-00C04F79EFBC}") = "Unity.2D.Tilemap.Editor", "Unity.2D.Tilemap.Editor.csproj", "{488addb7-82d9-62c1-a3ba-8e4642b2deb7}"
EndProject
Global
	GlobalSection(SolutionConfigurationPlatforms) = preSolution
		Debug|Any CPU = Debug|Any CPU
	EndGlobalSection
	GlobalSection(ProjectConfigurationPlatforms) = postSolution
		{1a3d2235-ba0a-003e-d682-2f913f0eb5dc}.Debug|Any CPU.ActiveCfg = Debug|Any CPU
		{1a3d2235-ba0a-003e-d682-2f913f0eb5dc}.Debug|Any CPU.Build.0 = Debug|Any CPU
		{bb716ccd-b47b-893d-5213-d986fbbcd024}.Debug|Any CPU.ActiveCfg = Debug|Any CPU
		{bb716ccd-b47b-893d-5213-d986fbbcd024}.Debug|Any CPU.Build.0 = Debug|Any CPU
		{cf5e4269-fa23-a698-1701-0b6505d795d0}.Debug|Any CPU.ActiveCfg = Debug|Any CPU
		{cf5e4269-fa23-a698-1701-0b6505d795d0}.Debug|Any CPU.Build.0 = Debug|Any CPU
		{b3e87b60-5fd5-5312-cc78-778e07402cc8}.Debug|Any CPU.ActiveCfg = Debug|Any CPU
		{b3e87b60-5fd5-5312-cc78-778e07402cc8}.Debug|Any CPU.Build.0 = Debug|Any CPU
		{488addb7-82d9-62c1-a3ba-8e4642b2deb7}.Debug|Any CPU.ActiveCfg = Debug|Any CPU
		{488addb7-82d9-62c1-a3ba-8e4642b2deb7}.Debug|Any CPU.Build.0 = Debug|Any CPU
	EndGlobalSection
	GlobalSection(SolutionProperties) = preSolution
		HideSolutionNode = FALSE
	EndGlobalSection
EndGlobal
